
Microsoft Visual Studio Solution File, Format Version 12.00
# Visual Studio Version 16
VisualStudioVersion = 25.0.1700.0
MinimumVisualStudioVersion = 10.0.40219.1
Project("{FAE04EC0-301F-11D3-BF4B-00C04F79EFBC}") = "FinalProject", "FinalProject\FinalProject.csproj", "{A301F776-1A1D-45DC-AFDA-6397DAFF58FC}"
EndProject
Global
	GlobalSection(SolutionConfigurationPlatforms) = preSolution
		Debug|Any CPU = Debug|Any CPU
		Release|Any CPU = Release|Any CPU
	EndGlobalSection
	GlobalSection(ProjectConfigurationPlatforms) = postSolution
		{A301F776-1A1D-45DC-AFDA-6397DAFF58FC}.Debug|Any CPU.ActiveCfg = Debug|Any CPU
		{A301F776-1A1D-45DC-AFDA-6397DAFF58FC}.Debug|Any CPU.Build.0 = Debug|Any CPU
		{A301F776-1A1D-45DC-AFDA-6397DAFF58FC}.Release|Any CPU.ActiveCfg = Release|Any CPU
		{A301F776-1A1D-45DC-AFDA-6397DAFF58FC}.Release|Any CPU.Build.0 = Release|Any CPU
	EndGlobalSection
	GlobalSection(SolutionProperties) = preSolution
		HideSolutionNode = FALSE
	EndGlobalSection
	GlobalSection(ExtensibilityGlobals) = postSolution
		SolutionGuid = {7AF60709-C46A-4536-9FBF-5D1F4B6E3899}
	EndGlobalSection
EndGlobal
